
Microsoft Visual Studio Solution File, Format Version 12.00
# Visual Studio 2012
Project("{FAE04EC0-301F-11D3-BF4B-00C04F79EFBC}") = "C_Sharp_Assignment1", "C_Sharp_Assignment1\C_Sharp_Assignment1.csproj", "{6AB3B340-9C52-4DE3-8CAC-9B02361ECCBB}"
EndProject
Project("{FAE04EC0-301F-11D3-BF4B-00C04F79EFBC}") = "ConsoleApplication2", "ConsoleApplication2\ConsoleApplication2.csproj", "{5BC868FB-E410-479E-9107-738B42304F3E}"
EndProject
Global
	GlobalSection(SolutionConfigurationPlatforms) = preSolution
		Debug|Any CPU = Debug|Any CPU
		Release|Any CPU = Release|Any CPU
	EndGlobalSection
	GlobalSection(ProjectConfigurationPlatforms) = postSolution
		{6AB3B340-9C52-4DE3-8CAC-9B02361ECCBB}.Debug|Any CPU.ActiveCfg = Debug|Any CPU
		{6AB3B340-9C52-4DE3-8CAC-9B02361ECCBB}.Debug|Any CPU.Build.0 = Debug|Any CPU
		{6AB3B340-9C52-4DE3-8CAC-9B02361ECCBB}.Release|Any CPU.ActiveCfg = Release|Any CPU
		{6AB3B340-9C52-4DE3-8CAC-9B02361ECCBB}.Release|Any CPU.Build.0 = Release|Any CPU
		{5BC868FB-E410-479E-9107-738B42304F3E}.Debug|Any CPU.ActiveCfg = Debug|Any CPU
		{5BC868FB-E410-479E-9107-738B42304F3E}.Debug|Any CPU.Build.0 = Debug|Any CPU
		{5BC868FB-E410-479E-9107-738B42304F3E}.Release|Any CPU.ActiveCfg = Release|Any CPU
		{5BC868FB-E410-479E-9107-738B42304F3E}.Release|Any CPU.Build.0 = Release|Any CPU
	EndGlobalSection
	GlobalSection(SolutionProperties) = preSolution
		HideSolutionNode = FALSE
	EndGlobalSection
EndGlobal
